
Microsoft Visual Studio Solution File, Format Version 12.00
# Visual Studio Version 16
VisualStudioVersion = 16.0.30011.22
MinimumVisualStudioVersion = 10.0.40219.1
Project("{FAE04EC0-301F-11D3-BF4B-00C04F79EFBC}") = "Recursivo", "Recursivo\Recursivo.csproj", "{53C7A8F4-A2CC-4E88-91D9-A07CDDD76E65}"
EndProject
Project("{FAE04EC0-301F-11D3-BF4B-00C04F79EFBC}") = "ReverterLista", "ReverterLista\ReverterLista.csproj", "{BF881DD9-1495-4FD5-9D51-041243AE2AF2}"
EndProject
Global
	GlobalSection(SolutionConfigurationPlatforms) = preSolution
		Debug|Any CPU = Debug|Any CPU
		Release|Any CPU = Release|Any CPU
	EndGlobalSection
	GlobalSection(ProjectConfigurationPlatforms) = postSolution
		{53C7A8F4-A2CC-4E88-91D9-A07CDDD76E65}.Debug|Any CPU.ActiveCfg = Debug|Any CPU
		{53C7A8F4-A2CC-4E88-91D9-A07CDDD76E65}.Debug|Any CPU.Build.0 = Debug|Any CPU
		{53C7A8F4-A2CC-4E88-91D9-A07CDDD76E65}.Release|Any CPU.ActiveCfg = Release|Any CPU
		{53C7A8F4-A2CC-4E88-91D9-A07CDDD76E65}.Release|Any CPU.Build.0 = Release|Any CPU
		{BF881DD9-1495-4FD5-9D51-041243AE2AF2}.Debug|Any CPU.ActiveCfg = Debug|Any CPU
		{BF881DD9-1495-4FD5-9D51-041243AE2AF2}.Debug|Any CPU.Build.0 = Debug|Any CPU
		{BF881DD9-1495-4FD5-9D51-041243AE2AF2}.Release|Any CPU.ActiveCfg = Release|Any CPU
		{BF881DD9-1495-4FD5-9D51-041243AE2AF2}.Release|Any CPU.Build.0 = Release|Any CPU
	EndGlobalSection
	GlobalSection(SolutionProperties) = preSolution
		HideSolutionNode = FALSE
	EndGlobalSection
	GlobalSection(ExtensibilityGlobals) = postSolution
		SolutionGuid = {C2295128-9C2B-4543-8FEB-C24522280220}
	EndGlobalSection
EndGlobal
